
Microsoft Visual Studio Solution File, Format Version 12.00
# Visual Studio Version 17
VisualStudioVersion = 17.13.35818.85 d17.13
MinimumVisualStudioVersion = 10.0.40219.1
Project("{2150E333-8FDC-42A3-9474-1A3956D46DE8}") = "Tp01", "Tp01", "{02EA681E-C7D8-13C7-8484-4AC65E1B71E8}"
EndProject
Project("{FAE04EC0-301F-11D3-BF4B-00C04F79EFBC}") = "Ejercicio1", "ConsoleApp1\Ejercicio1.csproj", "{0C59FA09-A3A7-421E-A61D-D814C0E0067A}"
EndProject
Project("{FAE04EC0-301F-11D3-BF4B-00C04F79EFBC}") = "Ejercicio2", "Ejercicio02\Ejercicio2.csproj", "{7F8DC096-9337-4D47-AC8C-931872E5F230}"
EndProject
Global
	GlobalSection(SolutionConfigurationPlatforms) = preSolution
		Debug|Any CPU = Debug|Any CPU
		Release|Any CPU = Release|Any CPU
	EndGlobalSection
	GlobalSection(ProjectConfigurationPlatforms) = postSolution
		{0C59FA09-A3A7-421E-A61D-D814C0E0067A}.Debug|Any CPU.ActiveCfg = Debug|Any CPU
		{0C59FA09-A3A7-421E-A61D-D814C0E0067A}.Debug|Any CPU.Build.0 = Debug|Any CPU
		{0C59FA09-A3A7-421E-A61D-D814C0E0067A}.Release|Any CPU.ActiveCfg = Release|Any CPU
		{0C59FA09-A3A7-421E-A61D-D814C0E0067A}.Release|Any CPU.Build.0 = Release|Any CPU
		{7F8DC096-9337-4D47-AC8C-931872E5F230}.Debug|Any CPU.ActiveCfg = Debug|Any CPU
		{7F8DC096-9337-4D47-AC8C-931872E5F230}.Debug|Any CPU.Build.0 = Debug|Any CPU
		{7F8DC096-9337-4D47-AC8C-931872E5F230}.Release|Any CPU.ActiveCfg = Release|Any CPU
		{7F8DC096-9337-4D47-AC8C-931872E5F230}.Release|Any CPU.Build.0 = Release|Any CPU
	EndGlobalSection
	GlobalSection(SolutionProperties) = preSolution
		HideSolutionNode = FALSE
	EndGlobalSection
	GlobalSection(NestedProjects) = preSolution
		{0C59FA09-A3A7-421E-A61D-D814C0E0067A} = {02EA681E-C7D8-13C7-8484-4AC65E1B71E8}
		{7F8DC096-9337-4D47-AC8C-931872E5F230} = {02EA681E-C7D8-13C7-8484-4AC65E1B71E8}
	EndGlobalSection
	GlobalSection(ExtensibilityGlobals) = postSolution
		SolutionGuid = {72566BAF-FDEE-48B6-80A2-26EF1B18557A}
	EndGlobalSection
EndGlobal
